
Microsoft Visual Studio Solution File, Format Version 12.00
# Visual Studio Version 17
VisualStudioVersion = 17.0.31919.166
MinimumVisualStudioVersion = 10.0.40219.1
Project("{FAE04EC0-301F-11D3-BF4B-00C04F79EFBC}") = "Te Reo Maori Quiz Project", "Te Reo Maori Quiz Project\Te Reo Maori Quiz Project.csproj", "{B0F982F2-0913-44F5-8951-9BC3A1EB2C77}"
EndProject
Global
	GlobalSection(SolutionConfigurationPlatforms) = preSolution
		Debug|Any CPU = Debug|Any CPU
		Release|Any CPU = Release|Any CPU
	EndGlobalSection
	GlobalSection(ProjectConfigurationPlatforms) = postSolution
		{B0F982F2-0913-44F5-8951-9BC3A1EB2C77}.Debug|Any CPU.ActiveCfg = Debug|Any CPU
		{B0F982F2-0913-44F5-8951-9BC3A1EB2C77}.Debug|Any CPU.Build.0 = Debug|Any CPU
		{B0F982F2-0913-44F5-8951-9BC3A1EB2C77}.Release|Any CPU.ActiveCfg = Release|Any CPU
		{B0F982F2-0913-44F5-8951-9BC3A1EB2C77}.Release|Any CPU.Build.0 = Release|Any CPU
	EndGlobalSection
	GlobalSection(SolutionProperties) = preSolution
		HideSolutionNode = FALSE
	EndGlobalSection
	GlobalSection(ExtensibilityGlobals) = postSolution
		SolutionGuid = {EF38EF2F-6E71-4954-8537-97512EC18136}
	EndGlobalSection
EndGlobal
